Microsoft Visual Studio Solution File, Format Version 12.00
# Visual Studio Express 2012 for Windows Desktop
Project("{8BC9CEB8-8B4A-11D0-8D11-00A0C91BC942}") = "ALL_BUILD", "ALL_BUILD.vcxproj", "{8AB4435E-3A35-40FD-91F0-FC683F72A625}"
	ProjectSection(ProjectDependencies) = postProject
		{0EE7907E-F024-448B-9D34-1BAD8BF8D86F} = {0EE7907E-F024-448B-9D34-1BAD8BF8D86F}
		{FE73D196-67BE-455B-889B-D8A6CF436329} = {FE73D196-67BE-455B-889B-D8A6CF436329}
		{D2671D4E-4BC0-47AD-9E7D-EA2EFF844B56} = {D2671D4E-4BC0-47AD-9E7D-EA2EFF844B56}
		{7436F869-246B-4FA8-BBB2-EAC282DC043B} = {7436F869-246B-4FA8-BBB2-EAC282DC043B}
		{BD50B0C9-965B-4261-91F4-61B33E431CD5} = {BD50B0C9-965B-4261-91F4-61B33E431CD5}
		{AC89D9C1-D3DA-4B51-BB7B-D2536917475C} = {AC89D9C1-D3DA-4B51-BB7B-D2536917475C}
		{F0DE7A37-7D87-4FD4-A8C5-29B9690C5892} = {F0DE7A37-7D87-4FD4-A8C5-29B9690C5892}
		{6EEFCEDC-652B-4C7C-86DE-95B74A3441BB} = {6EEFCEDC-652B-4C7C-86DE-95B74A3441BB}
	EndProjectSection
EndProject
Project("{8BC9CEB8-8B4A-11D0-8D11-00A0C91BC942}") = "BenchMark", "BenchMark.vcxproj", "{0EE7907E-F024-448B-9D34-1BAD8BF8D86F}"
	ProjectSection(ProjectDependencies) = postProject
		{AC89D9C1-D3DA-4B51-BB7B-D2536917475C} = {AC89D9C1-D3DA-4B51-BB7B-D2536917475C}
		{F0DE7A37-7D87-4FD4-A8C5-29B9690C5892} = {F0DE7A37-7D87-4FD4-A8C5-29B9690C5892}
		{6EEFCEDC-652B-4C7C-86DE-95B74A3441BB} = {6EEFCEDC-652B-4C7C-86DE-95B74A3441BB}
	EndProjectSection
EndProject
Project("{8BC9CEB8-8B4A-11D0-8D11-00A0C91BC942}") = "DrawWithDebug", "DrawWithDebug.vcxproj", "{FE73D196-67BE-455B-889B-D8A6CF436329}"
	ProjectSection(ProjectDependencies) = postProject
		{AC89D9C1-D3DA-4B51-BB7B-D2536917475C} = {AC89D9C1-D3DA-4B51-BB7B-D2536917475C}
		{F0DE7A37-7D87-4FD4-A8C5-29B9690C5892} = {F0DE7A37-7D87-4FD4-A8C5-29B9690C5892}
		{6EEFCEDC-652B-4C7C-86DE-95B74A3441BB} = {6EEFCEDC-652B-4C7C-86DE-95B74A3441BB}
	EndProjectSection
EndProject
Project("{8BC9CEB8-8B4A-11D0-8D11-00A0C91BC942}") = "INSTALL", "INSTALL.vcxproj", "{B514B205-308B-4353-B774-97BE2C3251D5}"
	ProjectSection(ProjectDependencies) = postProject
		{8AB4435E-3A35-40FD-91F0-FC683F72A625} = {8AB4435E-3A35-40FD-91F0-FC683F72A625}
	EndProjectSection
EndProject
Project("{8BC9CEB8-8B4A-11D0-8D11-00A0C91BC942}") = "Isometric", "Isometric.vcxproj", "{D2671D4E-4BC0-47AD-9E7D-EA2EFF844B56}"
	ProjectSection(ProjectDependencies) = postProject
		{AC89D9C1-D3DA-4B51-BB7B-D2536917475C} = {AC89D9C1-D3DA-4B51-BB7B-D2536917475C}
		{F0DE7A37-7D87-4FD4-A8C5-29B9690C5892} = {F0DE7A37-7D87-4FD4-A8C5-29B9690C5892}
		{6EEFCEDC-652B-4C7C-86DE-95B74A3441BB} = {6EEFCEDC-652B-4C7C-86DE-95B74A3441BB}
	EndProjectSection
EndProject
Project("{8BC9CEB8-8B4A-11D0-8D11-00A0C91BC942}") = "QuadTree", "QuadTree.vcxproj", "{7436F869-246B-4FA8-BBB2-EAC282DC043B}"
	ProjectSection(ProjectDependencies) = postProject
		{AC89D9C1-D3DA-4B51-BB7B-D2536917475C} = {AC89D9C1-D3DA-4B51-BB7B-D2536917475C}
		{F0DE7A37-7D87-4FD4-A8C5-29B9690C5892} = {F0DE7A37-7D87-4FD4-A8C5-29B9690C5892}
		{6EEFCEDC-652B-4C7C-86DE-95B74A3441BB} = {6EEFCEDC-652B-4C7C-86DE-95B74A3441BB}
	EndProjectSection
EndProject
Project("{8BC9CEB8-8B4A-11D0-8D11-00A0C91BC942}") = "ShaderEffects", "ShaderEffects.vcxproj", "{BD50B0C9-965B-4261-91F4-61B33E431CD5}"
	ProjectSection(ProjectDependencies) = postProject
		{AC89D9C1-D3DA-4B51-BB7B-D2536917475C} = {AC89D9C1-D3DA-4B51-BB7B-D2536917475C}
		{F0DE7A37-7D87-4FD4-A8C5-29B9690C5892} = {F0DE7A37-7D87-4FD4-A8C5-29B9690C5892}
		{6EEFCEDC-652B-4C7C-86DE-95B74A3441BB} = {6EEFCEDC-652B-4C7C-86DE-95B74A3441BB}
	EndProjectSection
EndProject
Project("{8BC9CEB8-8B4A-11D0-8D11-00A0C91BC942}") = "ZERO_CHECK", "ZERO_CHECK.vcxproj", "{AC89D9C1-D3DA-4B51-BB7B-D2536917475C}"
EndProject
Project("{8BC9CEB8-8B4A-11D0-8D11-00A0C91BC942}") = "pugi", "pugi.vcxproj", "{F0DE7A37-7D87-4FD4-A8C5-29B9690C5892}"
	ProjectSection(ProjectDependencies) = postProject
		{AC89D9C1-D3DA-4B51-BB7B-D2536917475C} = {AC89D9C1-D3DA-4B51-BB7B-D2536917475C}
	EndProjectSection
EndProject
Project("{8BC9CEB8-8B4A-11D0-8D11-00A0C91BC942}") = "tmx-loader", "tmx-loader.vcxproj", "{6EEFCEDC-652B-4C7C-86DE-95B74A3441BB}"
	ProjectSection(ProjectDependencies) = postProject
		{AC89D9C1-D3DA-4B51-BB7B-D2536917475C} = {AC89D9C1-D3DA-4B51-BB7B-D2536917475C}
	EndProjectSection
EndProject
Global
	GlobalSection(SolutionConfigurationPlatforms) = preSolution
		Debug|Win32 = Debug|Win32
		MinSizeRel|Win32 = MinSizeRel|Win32
		Release|Win32 = Release|Win32
		RelWithDebInfo|Win32 = RelWithDebInfo|Win32
	EndGlobalSection
	GlobalSection(ProjectConfigurationPlatforms) = postSolution
		{8AB4435E-3A35-40FD-91F0-FC683F72A625}.Debug|Win32.ActiveCfg = Debug|Win32
		{8AB4435E-3A35-40FD-91F0-FC683F72A625}.Debug|Win32.Build.0 = Debug|Win32
		{8AB4435E-3A35-40FD-91F0-FC683F72A625}.MinSizeRel|Win32.ActiveCfg = MinSizeRel|Win32
		{8AB4435E-3A35-40FD-91F0-FC683F72A625}.MinSizeRel|Win32.Build.0 = MinSizeRel|Win32
		{8AB4435E-3A35-40FD-91F0-FC683F72A625}.Release|Win32.ActiveCfg = Release|Win32
		{8AB4435E-3A35-40FD-91F0-FC683F72A625}.Release|Win32.Build.0 = Release|Win32
		{8AB4435E-3A35-40FD-91F0-FC683F72A625}.RelWithDebInfo|Win32.ActiveCfg = RelWithDebInfo|Win32
		{8AB4435E-3A35-40FD-91F0-FC683F72A625}.RelWithDebInfo|Win32.Build.0 = RelWithDebInfo|Win32
		{0EE7907E-F024-448B-9D34-1BAD8BF8D86F}.Debug|Win32.ActiveCfg = Debug|Win32
		{0EE7907E-F024-448B-9D34-1BAD8BF8D86F}.MinSizeRel|Win32.ActiveCfg = MinSizeRel|Win32
		{0EE7907E-F024-448B-9D34-1BAD8BF8D86F}.MinSizeRel|Win32.Build.0 = MinSizeRel|Win32
		{0EE7907E-F024-448B-9D34-1BAD8BF8D86F}.Release|Win32.ActiveCfg = Release|Win32
		{0EE7907E-F024-448B-9D34-1BAD8BF8D86F}.Release|Win32.Build.0 = Release|Win32
		{0EE7907E-F024-448B-9D34-1BAD8BF8D86F}.RelWithDebInfo|Win32.ActiveCfg = RelWithDebInfo|Win32
		{0EE7907E-F024-448B-9D34-1BAD8BF8D86F}.RelWithDebInfo|Win32.Build.0 = RelWithDebInfo|Win32
		{FE73D196-67BE-455B-889B-D8A6CF436329}.Debug|Win32.ActiveCfg = Debug|Win32
		{FE73D196-67BE-455B-889B-D8A6CF436329}.Debug|Win32.Build.0 = Debug|Win32
		{FE73D196-67BE-455B-889B-D8A6CF436329}.MinSizeRel|Win32.ActiveCfg = MinSizeRel|Win32
		{FE73D196-67BE-455B-889B-D8A6CF436329}.MinSizeRel|Win32.Build.0 = MinSizeRel|Win32
		{FE73D196-67BE-455B-889B-D8A6CF436329}.Release|Win32.ActiveCfg = Release|Win32
		{FE73D196-67BE-455B-889B-D8A6CF436329}.Release|Win32.Build.0 = Release|Win32
		{FE73D196-67BE-455B-889B-D8A6CF436329}.RelWithDebInfo|Win32.ActiveCfg = RelWithDebInfo|Win32
		{FE73D196-67BE-455B-889B-D8A6CF436329}.RelWithDebInfo|Win32.Build.0 = RelWithDebInfo|Win32
		{B514B205-308B-4353-B774-97BE2C3251D5}.Debug|Win32.ActiveCfg = Debug|Win32
		{B514B205-308B-4353-B774-97BE2C3251D5}.MinSizeRel|Win32.ActiveCfg = MinSizeRel|Win32
		{B514B205-308B-4353-B774-97BE2C3251D5}.Release|Win32.ActiveCfg = Release|Win32
		{B514B205-308B-4353-B774-97BE2C3251D5}.RelWithDebInfo|Win32.ActiveCfg = RelWithDebInfo|Win32
		{D2671D4E-4BC0-47AD-9E7D-EA2EFF844B56}.Debug|Win32.ActiveCfg = Debug|Win32
		{D2671D4E-4BC0-47AD-9E7D-EA2EFF844B56}.Debug|Win32.Build.0 = Debug|Win32
		{D2671D4E-4BC0-47AD-9E7D-EA2EFF844B56}.MinSizeRel|Win32.ActiveCfg = MinSizeRel|Win32
		{D2671D4E-4BC0-47AD-9E7D-EA2EFF844B56}.MinSizeRel|Win32.Build.0 = MinSizeRel|Win32
		{D2671D4E-4BC0-47AD-9E7D-EA2EFF844B56}.Release|Win32.ActiveCfg = Release|Win32
		{D2671D4E-4BC0-47AD-9E7D-EA2EFF844B56}.Release|Win32.Build.0 = Release|Win32
		{D2671D4E-4BC0-47AD-9E7D-EA2EFF844B56}.RelWithDebInfo|Win32.ActiveCfg = RelWithDebInfo|Win32
		{D2671D4E-4BC0-47AD-9E7D-EA2EFF844B56}.RelWithDebInfo|Win32.Build.0 = RelWithDebInfo|Win32
		{7436F869-246B-4FA8-BBB2-EAC282DC043B}.Debug|Win32.ActiveCfg = Debug|Win32
		{7436F869-246B-4FA8-BBB2-EAC282DC043B}.Debug|Win32.Build.0 = Debug|Win32
		{7436F869-246B-4FA8-BBB2-EAC282DC043B}.MinSizeRel|Win32.ActiveCfg = MinSizeRel|Win32
		{7436F869-246B-4FA8-BBB2-EAC282DC043B}.MinSizeRel|Win32.Build.0 = MinSizeRel|Win32
		{7436F869-246B-4FA8-BBB2-EAC282DC043B}.Release|Win32.ActiveCfg = Release|Win32
		{7436F869-246B-4FA8-BBB2-EAC282DC043B}.Release|Win32.Build.0 = Release|Win32
		{7436F869-246B-4FA8-BBB2-EAC282DC043B}.RelWithDebInfo|Win32.ActiveCfg = RelWithDebInfo|Win32
		{7436F869-246B-4FA8-BBB2-EAC282DC043B}.RelWithDebInfo|Win32.Build.0 = RelWithDebInfo|Win32
		{BD50B0C9-965B-4261-91F4-61B33E431CD5}.Debug|Win32.ActiveCfg = Debug|Win32
		{BD50B0C9-965B-4261-91F4-61B33E431CD5}.Debug|Win32.Build.0 = Debug|Win32
		{BD50B0C9-965B-4261-91F4-61B33E431CD5}.MinSizeRel|Win32.ActiveCfg = MinSizeRel|Win32
		{BD50B0C9-965B-4261-91F4-61B33E431CD5}.MinSizeRel|Win32.Build.0 = MinSizeRel|Win32
		{BD50B0C9-965B-4261-91F4-61B33E431CD5}.Release|Win32.ActiveCfg = Release|Win32
		{BD50B0C9-965B-4261-91F4-61B33E431CD5}.Release|Win32.Build.0 = Release|Win32
		{BD50B0C9-965B-4261-91F4-61B33E431CD5}.RelWithDebInfo|Win32.ActiveCfg = RelWithDebInfo|Win32
		{BD50B0C9-965B-4261-91F4-61B33E431CD5}.RelWithDebInfo|Win32.Build.0 = RelWithDebInfo|Win32
		{AC89D9C1-D3DA-4B51-BB7B-D2536917475C}.Debug|Win32.ActiveCfg = Debug|Win32
		{AC89D9C1-D3DA-4B51-BB7B-D2536917475C}.Debug|Win32.Build.0 = Debug|Win32
		{AC89D9C1-D3DA-4B51-BB7B-D2536917475C}.MinSizeRel|Win32.ActiveCfg = MinSizeRel|Win32
		{AC89D9C1-D3DA-4B51-BB7B-D2536917475C}.MinSizeRel|Win32.Build.0 = MinSizeRel|Win32
		{AC89D9C1-D3DA-4B51-BB7B-D2536917475C}.Release|Win32.ActiveCfg = Release|Win32
		{AC89D9C1-D3DA-4B51-BB7B-D2536917475C}.Release|Win32.Build.0 = Release|Win32
		{AC89D9C1-D3DA-4B51-BB7B-D2536917475C}.RelWithDebInfo|Win32.ActiveCfg = RelWithDebInfo|Win32
		{AC89D9C1-D3DA-4B51-BB7B-D2536917475C}.RelWithDebInfo|Win32.Build.0 = RelWithDebInfo|Win32
		{F0DE7A37-7D87-4FD4-A8C5-29B9690C5892}.Debug|Win32.ActiveCfg = Debug|Win32
		{F0DE7A37-7D87-4FD4-A8C5-29B9690C5892}.Debug|Win32.Build.0 = Debug|Win32
		{F0DE7A37-7D87-4FD4-A8C5-29B9690C5892}.MinSizeRel|Win32.ActiveCfg = MinSizeRel|Win32
		{F0DE7A37-7D87-4FD4-A8C5-29B9690C5892}.MinSizeRel|Win32.Build.0 = MinSizeRel|Win32
		{F0DE7A37-7D87-4FD4-A8C5-29B9690C5892}.Release|Win32.ActiveCfg = Release|Win32
		{F0DE7A37-7D87-4FD4-A8C5-29B9690C5892}.Release|Win32.Build.0 = Release|Win32
		{F0DE7A37-7D87-4FD4-A8C5-29B9690C5892}.RelWithDebInfo|Win32.ActiveCfg = RelWithDebInfo|Win32
		{F0DE7A37-7D87-4FD4-A8C5-29B9690C5892}.RelWithDebInfo|Win32.Build.0 = RelWithDebInfo|Win32
		{6EEFCEDC-652B-4C7C-86DE-95B74A3441BB}.Debug|Win32.ActiveCfg = Debug|Win32
		{6EEFCEDC-652B-4C7C-86DE-95B74A3441BB}.Debug|Win32.Build.0 = Debug|Win32
		{6EEFCEDC-652B-4C7C-86DE-95B74A3441BB}.MinSizeRel|Win32.ActiveCfg = MinSizeRel|Win32
		{6EEFCEDC-652B-4C7C-86DE-95B74A3441BB}.MinSizeRel|Win32.Build.0 = MinSizeRel|Win32
		{6EEFCEDC-652B-4C7C-86DE-95B74A3441BB}.Release|Win32.ActiveCfg = Release|Win32
		{6EEFCEDC-652B-4C7C-86DE-95B74A3441BB}.Release|Win32.Build.0 = Release|Win32
		{6EEFCEDC-652B-4C7C-86DE-95B74A3441BB}.RelWithDebInfo|Win32.ActiveCfg = RelWithDebInfo|Win32
		{6EEFCEDC-652B-4C7C-86DE-95B74A3441BB}.RelWithDebInfo|Win32.Build.0 = RelWithDebInfo|Win32
	EndGlobalSection
	GlobalSection(SolutionProperties) = preSolution
		HideSolutionNode = FALSE
	EndGlobalSection
EndGlobal
